// !$*UTF8*$!
{
	archiveVersion = 1;
	classes = {
	};
	objectVersion = 46;
	objects = {

/* Begin PBXBuildFile section */
		9261034D1EDA1108009E9442 /* AppDelegate.swift in Sources */ = {isa = PBXBuildFile; fileRef = 9261034C1EDA1108009E9442 /* AppDelegate.swift */; };
		9261034F1EDA1108009E9442 /* ViewController.swift in Sources */ = {isa = PBXBuildFile; fileRef = 9261034E1EDA1108009E9442 /* ViewController.swift */; };
		926103521EDA1108009E9442 /* Main.storyboard in Resources */ = {isa = PBXBuildFile; fileRef = 926103501EDA1108009E9442 /* Main.storyboard */; };
		926103541EDA1108009E9442 /* Assets.xcassets in Resources */ = {isa = PBXBuildFile; fileRef = 926103531EDA1108009E9442 /* Assets.xcassets */; };
		926103571EDA1108009E9442 /* LaunchScreen.storyboard in Resources */ = {isa = PBXBuildFile; fileRef = 926103551EDA1108009E9442 /* LaunchScreen.storyboard */; };
		9261035F1EDA134A009E9442 /* MainTabBarController.swift in Sources */ = {isa = PBXBuildFile; fileRef = 9261035E1EDA134A009E9442 /* MainTabBarController.swift */; };
		926103611EDA1417009E9442 /* BusinessController.swift in Sources */ = {isa = PBXBuildFile; fileRef = 926103601EDA1417009E9442 /* BusinessController.swift */; };
		927A01D01EDCCE710031149B /* Constants.swift in Sources */ = {isa = PBXBuildFile; fileRef = 927A01CF1EDCCE710031149B /* Constants.swift */; };
		927A01D21EDCD06A0031149B /* YelpUtils.swift in Sources */ = {isa = PBXBuildFile; fileRef = 927A01D11EDCD06A0031149B /* YelpUtils.swift */; };
		927A01D41EDCD6160031149B /* Business.swift in Sources */ = {isa = PBXBuildFile; fileRef = 927A01D31EDCD6160031149B /* Business.swift */; };
		927A01D61EDCD68B0031149B /* GeocoderViewController.swift in Sources */ = {isa = PBXBuildFile; fileRef = 927A01D51EDCD68B0031149B /* GeocoderViewController.swift */; };
		927A01D81EDDA4B10031149B /* Location.swift in Sources */ = {isa = PBXBuildFile; fileRef = 927A01D71EDDA4B10031149B /* Location.swift */; };
		9299B8F31EDA1B9500D2FC7B /* BusinessCell.swift in Sources */ = {isa = PBXBuildFile; fileRef = 9299B8F21EDA1B9500D2FC7B /* BusinessCell.swift */; };
		9299B8F61EDA1CBB00D2FC7B /* Extensions.swift in Sources */ = {isa = PBXBuildFile; fileRef = 9299B8F51EDA1CBB00D2FC7B /* Extensions.swift */; };
		9299B8F81EDA454E00D2FC7B /* BusinessHeader.swift in Sources */ = {isa = PBXBuildFile; fileRef = 9299B8F71EDA454E00D2FC7B /* BusinessHeader.swift */; };
/* End PBXBuildFile section */

/* Begin PBXFileReference section */
		926103491EDA1108009E9442 /* Fork Authority iOS.app */ = {isa = PBXFileReference; explicitFileType = wrapper.application; includeInIndex = 0; path = "Fork Authority iOS.app"; sourceTree = BUILT_PRODUCTS_DIR; };
		9261034C1EDA1108009E9442 /* AppDelegate.swift */ = {isa = PBXFileReference; lastKnownFileType = sourcecode.swift; path = AppDelegate.swift; sourceTree = "<group>"; };
		9261034E1EDA1108009E9442 /* ViewController.swift */ = {isa = PBXFileReference; lastKnownFileType = sourcecode.swift; path = ViewController.swift; sourceTree = "<group>"; };
		926103511EDA1108009E9442 /* Base */ = {isa = PBXFileReference; lastKnownFileType = file.storyboard; name = Base; path = Base.lproj/Main.storyboard; sourceTree = "<group>"; };
		926103531EDA1108009E9442 /* Assets.xcassets */ = {isa = PBXFileReference; lastKnownFileType = folder.assetcatalog; path = Assets.xcassets; sourceTree = "<group>"; };
		926103561EDA1108009E9442 /* Base */ = {isa = PBXFileReference; lastKnownFileType = file.storyboard; name = Base; path = Base.lproj/LaunchScreen.storyboard; sourceTree = "<group>"; };
		926103581EDA1108009E9442 /* Info.plist */ = {isa = PBXFileReference; lastKnownFileType = text.plist.xml; path = Info.plist; sourceTree = "<group>"; };
		9261035E1EDA134A009E9442 /* MainTabBarController.swift */ = {isa = PBXFileReference; fileEncoding = 4; lastKnownFileType = sourcecode.swift; path = MainTabBarController.swift; sourceTree = "<group>"; };
		926103601EDA1417009E9442 /* BusinessController.swift */ = {isa = PBXFileReference; fileEncoding = 4; lastKnownFileType = sourcecode.swift; path = BusinessController.swift; sourceTree = "<group>"; };
		927A01CF1EDCCE710031149B /* Constants.swift */ = {isa = PBXFileReference; fileEncoding = 4; lastKnownFileType = sourcecode.swift; path = Constants.swift; sourceTree = "<group>"; };
		927A01D11EDCD06A0031149B /* YelpUtils.swift */ = {isa = PBXFileReference; fileEncoding = 4; lastKnownFileType = sourcecode.swift; path = YelpUtils.swift; sourceTree = "<group>"; };
		927A01D31EDCD6160031149B /* Business.swift */ = {isa = PBXFileReference; fileEncoding = 4; lastKnownFileType = sourcecode.swift; path = Business.swift; sourceTree = "<group>"; };
		927A01D51EDCD68B0031149B /* GeocoderViewController.swift */ = {isa = PBXFileReference; fileEncoding = 4; lastKnownFileType = sourcecode.swift; path = GeocoderViewController.swift; sourceTree = "<group>"; };
		927A01D71EDDA4B10031149B /* Location.swift */ = {isa = PBXFileReference; fileEncoding = 4; lastKnownFileType = sourcecode.swift; path = Location.swift; sourceTree = "<group>"; };
		9299B8F21EDA1B9500D2FC7B /* BusinessCell.swift */ = {isa = PBXFileReference; fileEncoding = 4; lastKnownFileType = sourcecode.swift; path = BusinessCell.swift; sourceTree = "<group>"; };
		9299B8F51EDA1CBB00D2FC7B /* Extensions.swift */ = {isa = PBXFileReference; fileEncoding = 4; lastKnownFileType = sourcecode.swift; path = Extensions.swift; sourceTree = "<group>"; };
		9299B8F71EDA454E00D2FC7B /* BusinessHeader.swift */ = {isa = PBXFileReference; fileEncoding = 4; lastKnownFileType = sourcecode.swift; path = BusinessHeader.swift; sourceTree = "<group>"; };
/* End PBXFileReference section */

/* Begin PBXFrameworksBuildPhase section */
		926103461EDA1108009E9442 /* Frameworks */ = {
			isa = PBXFrameworksBuildPhase;
			buildActionMask = 2147483647;
			files = (
			);
			runOnlyForDeploymentPostprocessing = 0;
		};
/* End PBXFrameworksBuildPhase section */

/* Begin PBXGroup section */
		926103401EDA1108009E9442 = {
			isa = PBXGroup;
			children = (
				9261034B1EDA1108009E9442 /* Fork Authority iOS */,
				9261034A1EDA1108009E9442 /* Products */,
			);
			sourceTree = "<group>";
		};
		9261034A1EDA1108009E9442 /* Products */ = {
			isa = PBXGroup;
			children = (
				926103491EDA1108009E9442 /* Fork Authority iOS.app */,
			);
			name = Products;
			sourceTree = "<group>";
		};
		9261034B1EDA1108009E9442 /* Fork Authority iOS */ = {
			isa = PBXGroup;
			children = (
				9261034C1EDA1108009E9442 /* AppDelegate.swift */,
				9261035E1EDA134A009E9442 /* MainTabBarController.swift */,
				926103601EDA1417009E9442 /* BusinessController.swift */,
				927A01D51EDCD68B0031149B /* GeocoderViewController.swift */,
				9299B8F21EDA1B9500D2FC7B /* BusinessCell.swift */,
				9299B8F71EDA454E00D2FC7B /* BusinessHeader.swift */,
				927A01D31EDCD6160031149B /* Business.swift */,
				927A01D71EDDA4B10031149B /* Location.swift */,
				9299B8F41EDA1CAC00D2FC7B /* Utils */,
				926103501EDA1108009E9442 /* Main.storyboard */,
				926103531EDA1108009E9442 /* Assets.xcassets */,
				926103551EDA1108009E9442 /* LaunchScreen.storyboard */,
				9261034E1EDA1108009E9442 /* ViewController.swift */,
				926103581EDA1108009E9442 /* Info.plist */,
			);
			path = "Fork Authority iOS";
			sourceTree = "<group>";
		};
		9299B8F41EDA1CAC00D2FC7B /* Utils */ = {
			isa = PBXGroup;
			children = (
				9299B8F51EDA1CBB00D2FC7B /* Extensions.swift */,
				927A01CF1EDCCE710031149B /* Constants.swift */,
				927A01D11EDCD06A0031149B /* YelpUtils.swift */,
			);
			name = Utils;
			sourceTree = "<group>";
		};
/* End PBXGroup section */

/* Begin PBXNativeTarget section */
		926103481EDA1108009E9442 /* Fork Authority iOS */ = {
			isa = PBXNativeTarget;
			buildConfigurationList = 9261035B1EDA1108009E9442 /* Build configuration list for PBXNativeTarget "Fork Authority iOS" */;
			buildPhases = (
				926103451EDA1108009E9442 /* Sources */,
				926103461EDA1108009E9442 /* Frameworks */,
				926103471EDA1108009E9442 /* Resources */,
			);
			buildRules = (
			);
			dependencies = (
			);
			name = "Fork Authority iOS";
			productName = "Fork Authority iOS";
			productReference = 926103491EDA1108009E9442 /* Fork Authority iOS.app */;
			productType = "com.apple.product-type.application";
		};
/* End PBXNativeTarget section */

/* Begin PBXProject section */
		926103411EDA1108009E9442 /* Project object */ = {
			isa = PBXProject;
			attributes = {
				LastSwiftUpdateCheck = 0820;
				LastUpgradeCheck = 0820;
				ORGANIZATIONNAME = "Chi-Ying Leung";
				TargetAttributes = {
					926103481EDA1108009E9442 = {
						CreatedOnToolsVersion = 8.2.1;
						DevelopmentTeam = SZZL343FSD;
						ProvisioningStyle = Automatic;
					};
				};
			};
			buildConfigurationList = 926103441EDA1108009E9442 /* Build configuration list for PBXProject "Fork Authority iOS" */;
			compatibilityVersion = "Xcode 3.2";
			developmentRegion = English;
			hasScannedForEncodings = 0;
			knownRegions = (
				en,
				Base,
			);
			mainGroup = 926103401EDA1108009E9442;
			productRefGroup = 9261034A1EDA1108009E9442 /* Products */;
			projectDirPath = "";
			projectRoot = "";
			targets = (
				926103481EDA1108009E9442 /* Fork Authority iOS */,
			);
		};
/* End PBXProject section */

/* Begin PBXResourcesBuildPhase section */
		926103471EDA1108009E9442 /* Resources */ = {
			isa = PBXResourcesBuildPhase;
			buildActionMask = 2147483647;
			files = (
				926103571EDA1108009E9442 /* LaunchScreen.storyboard in Resources */,
				926103541EDA1108009E9442 /* Assets.xcassets in Resources */,
				926103521EDA1108009E9442 /* Main.storyboard in Resources */,
			);
			runOnlyForDeploymentPostprocessing = 0;
		};
/* End PBXResourcesBuildPhase section */

/* Begin PBXSourcesBuildPhase section */
		926103451EDA1108009E9442 /* Sources */ = {
			isa = PBXSourcesBuildPhase;
			buildActionMask = 2147483647;
			files = (
				9299B8F31EDA1B9500D2FC7B /* BusinessCell.swift in Sources */,
				9299B8F61EDA1CBB00D2FC7B /* Extensions.swift in Sources */,
				9299B8F81EDA454E00D2FC7B /* BusinessHeader.swift in Sources */,
				927A01D41EDCD6160031149B /* Business.swift in Sources */,
				9261034F1EDA1108009E9442 /* ViewController.swift in Sources */,
				927A01D21EDCD06A0031149B /* YelpUtils.swift in Sources */,
				927A01D61EDCD68B0031149B /* GeocoderViewController.swift in Sources */,
				9261034D1EDA1108009E9442 /* AppDelegate.swift in Sources */,
				9261035F1EDA134A009E9442 /* MainTabBarController.swift in Sources */,
				926103611EDA1417009E9442 /* BusinessController.swift in Sources */,
				927A01D81EDDA4B10031149B /* Location.swift in Sources */,
				927A01D01EDCCE710031149B /* Constants.swift in Sources */,
			);
			runOnlyForDeploymentPostprocessing = 0;
		};
/* End PBXSourcesBuildPhase section */

/* Begin PBXVariantGroup section */
		926103501EDA1108009E9442 /* Main.storyboard */ = {
			isa = PBXVariantGroup;
			children = (
				926103511EDA1108009E9442 /* Base */,
			);
			name = Main.storyboard;
			sourceTree = "<group>";
		};
		926103551EDA1108009E9442 /* LaunchScreen.storyboard */ = {
			isa = PBXVariantGroup;
			children = (
				926103561EDA1108009E9442 /* Base */,
			);
			name = LaunchScreen.storyboard;
			sourceTree = "<group>";
		};
/* End PBXVariantGroup section */

/* Begin XCBuildConfiguration section */
		926103591EDA1108009E9442 /* Debug */ = {
			isa = XCBuildConfiguration;
			buildSettings = {
				ALWAYS_SEARCH_USER_PATHS = NO;
				CLANG_ANALYZER_NONNULL = YES;
				CLANG_CXX_LANGUAGE_STANDARD = "gnu++0x";
				CLANG_CXX_LIBRARY = "libc++";
				CLANG_ENABLE_MODULES = YES;
				CLANG_ENABLE_OBJC_ARC = YES;
				CLANG_WARN_BOOL_CONVERSION = YES;
				CLANG_WARN_CONSTANT_CONVERSION = YES;
				CLANG_WARN_DIRECT_OBJC_ISA_USAGE = YES_ERROR;
				CLANG_WARN_DOCUMENTATION_COMMENTS = YES;
				CLANG_WARN_EMPTY_BODY = YES;
				CLANG_WARN_ENUM_CONVERSION = YES;
				CLANG_WARN_INFINITE_RECURSION = YES;
				CLANG_WARN_INT_CONVERSION = YES;
				CLANG_WARN_OBJC_ROOT_CLASS = YES_ERROR;
				CLANG_WARN_SUSPICIOUS_MOVE = YES;
				CLANG_WARN_UNREACHABLE_CODE = YES;
				CLANG_WARN__DUPLICATE_METHOD_MATCH = YES;
				"CODE_SIGN_IDENTITY[sdk=iphoneos*]" = "iPhone Developer";
				COPY_PHASE_STRIP = NO;
				DEBUG_INFORMATION_FORMAT = dwarf;
				ENABLE_STRICT_OBJC_MSGSEND = YES;
				ENABLE_TESTABILITY = YES;
				GCC_C_LANGUAGE_STANDARD = gnu99;
				GCC_DYNAMIC_NO_PIC = NO;
				GCC_NO_COMMON_BLOCKS = YES;
				GCC_OPTIMIZATION_LEVEL = 0;
				GCC_PREPROCESSOR_DEFINITIONS = (
					"DEBUG=1",
					"$(inherited)",
				);
				GCC_WARN_64_TO_32_BIT_CONVERSION = YES;
				GCC_WARN_ABOUT_RETURN_TYPE = YES_ERROR;
				GCC_WARN_UNDECLARED_SELECTOR = YES;
				GCC_WARN_UNINITIALIZED_AUTOS = YES_AGGRESSIVE;
				GCC_WARN_UNUSED_FUNCTION = YES;
				GCC_WARN_UNUSED_VARIABLE = YES;
				IPHONEOS_DEPLOYMENT_TARGET = 10.2;
				MTL_ENABLE_DEBUG_INFO = YES;
				ONLY_ACTIVE_ARCH = YES;
				SDKROOT = iphoneos;
				SWIFT_ACTIVE_COMPILATION_CONDITIONS = DEBUG;
				SWIFT_OPTIMIZATION_LEVEL = "-Onone";
				TARGETED_DEVICE_FAMILY = "1,2";
			};
			name = Debug;
		};
		9261035A1EDA1108009E9442 /* Release */ = {
			isa = XCBuildConfiguration;
			buildSettings = {
				ALWAYS_SEARCH_USER_PATHS = NO;
				CLANG_ANALYZER_NONNULL = YES;
				CLANG_CXX_LANGUAGE_STANDARD = "gnu++0x";
				CLANG_CXX_LIBRARY = "libc++";
				CLANG_ENABLE_MODULES = YES;
				CLANG_ENABLE_OBJC_ARC = YES;
				CLANG_WARN_BOOL_CONVERSION = YES;
				CLANG_WARN_CONSTANT_CONVERSION = YES;
				CLANG_WARN_DIRECT_OBJC_ISA_USAGE = YES_ERROR;
				CLANG_WARN_DOCUMENTATION_COMMENTS = YES;
				CLANG_WARN_EMPTY_BODY = YES;
				CLANG_WARN_ENUM_CONVERSION = YES;
				CLANG_WARN_INFINITE_RECURSION = YES;
				CLANG_WARN_INT_CONVERSION = YES;
				CLANG_WARN_OBJC_ROOT_CLASS = YES_ERROR;
				CLANG_WARN_SUSPICIOUS_MOVE = YES;
				CLANG_WARN_UNREACHABLE_CODE = YES;
				CLANG_WARN__DUPLICATE_METHOD_MATCH = YES;
				"CODE_SIGN_IDENTITY[sdk=iphoneos*]" = "iPhone Developer";
				COPY_PHASE_STRIP = NO;
				DEBUG_INFORMATION_FORMAT = "dwarf-with-dsym";
				ENABLE_NS_ASSERTIONS = NO;
				ENABLE_STRICT_OBJC_MSGSEND = YES;
				GCC_C_LANGUAGE_STANDARD = gnu99;
				GCC_NO_COMMON_BLOCKS = YES;
				GCC_WARN_64_TO_32_BIT_CONVERSION = YES;
				GCC_WARN_ABOUT_RETURN_TYPE = YES_ERROR;
				GCC_WARN_UNDECLARED_SELECTOR = YES;
				GCC_WARN_UNINITIALIZED_AUTOS = YES_AGGRESSIVE;
				GCC_WARN_UNUSED_FUNCTION = YES;
				GCC_WARN_UNUSED_VARIABLE = YES;
				IPHONEOS_DEPLOYMENT_TARGET = 10.2;
				MTL_ENABLE_DEBUG_INFO = NO;
				SDKROOT = iphoneos;
				SWIFT_OPTIMIZATION_LEVEL = "-Owholemodule";
				TARGETED_DEVICE_FAMILY = "1,2";
				VALIDATE_PRODUCT = YES;
			};
			name = Release;
		};
		9261035C1EDA1108009E9442 /* Debug */ = {
			isa = XCBuildConfiguration;
			buildSettings = {
				ASSETCATALOG_COMPILER_APPICON_NAME = AppIcon;
				DEVELOPMENT_TEAM = SZZL343FSD;
				INFOPLIST_FILE = "Fork Authority iOS/Info.plist";
				LD_RUNPATH_SEARCH_PATHS = "$(inherited) @executable_path/Frameworks";
				PRODUCT_BUNDLE_IDENTIFIER = "com.Fork-Authority-iOS";
				PRODUCT_NAME = "$(TARGET_NAME)";
				SWIFT_VERSION = 3.0;
			};
			name = Debug;
		};
		9261035D1EDA1108009E9442 /* Release */ = {
			isa = XCBuildConfiguration;
			buildSettings = {
				ASSETCATALOG_COMPILER_APPICON_NAME = AppIcon;
				DEVELOPMENT_TEAM = SZZL343FSD;
				INFOPLIST_FILE = "Fork Authority iOS/Info.plist";
				LD_RUNPATH_SEARCH_PATHS = "$(inherited) @executable_path/Frameworks";
				PRODUCT_BUNDLE_IDENTIFIER = "com.Fork-Authority-iOS";
				PRODUCT_NAME = "$(TARGET_NAME)";
				SWIFT_VERSION = 3.0;
			};
			name = Release;
		};
/* End XCBuildConfiguration section */

/* Begin XCConfigurationList section */
		926103441EDA1108009E9442 /* Build configuration list for PBXProject "Fork Authority iOS" */ = {
			isa = XCConfigurationList;
			buildConfigurations = (
				926103591EDA1108009E9442 /* Debug */,
				9261035A1EDA1108009E9442 /* Release */,
			);
			defaultConfigurationIsVisible = 0;
			defaultConfigurationName = Release;
		};
		9261035B1EDA1108009E9442 /* Build configuration list for PBXNativeTarget "Fork Authority iOS" */ = {
			isa = XCConfigurationList;
			buildConfigurations = (
				9261035C1EDA1108009E9442 /* Debug */,
				9261035D1EDA1108009E9442 /* Release */,
			);
			defaultConfigurationIsVisible = 0;
			defaultConfigurationName = Release;
		};
/* End XCConfigurationList section */
	};
	rootObject = 926103411EDA1108009E9442 /* Project object */;
}
